<?xml version="1.0" encoding="utf-8"?>
<Project ToolsVersion="4.0" xmlns="http://schemas.microsoft.com/developer/msbuild/2003">
  <ItemGroup>
    <ClCompile Include="src\client.cpp" />
    <ClCompile Include="src\views\loginView.cpp" />
    <ClCompile Include="src/ppm/glad\glad.c" />
    <ClCompile Include="src\main.cpp" />
    <ClCompile Include="src\object.cpp" />
    <ClCompile Include="src\program.cpp" />
    <ClCompile Include="src\shader.cpp" />
    <ClCompile Include="src\textRendering.cpp" />
    <ClCompile Include="src\views\Example.cpp" />
    <ClCompile Include="src\views\studentView.cpp" />
    <ClCompile Include="src/ppm/stb_image\stb_image_init.cpp" />
    <ClCompile Include="src\imageLoading.cpp" />
  </ItemGroup>
  <ItemGroup>
    <ClInclude Include="src\client.h" />
    <ClInclude Include="src\models.h" />
    <ClInclude Include="src\views\loginView.h" />
    <ClInclude Include="src\constants.h" />
    <ClInclude Include="src\input.h" />
    <ClInclude Include="src\object.h" />
    <ClInclude Include="src\objectCallbacks.h" />
    <ClInclude Include="src\program.h" />
    <ClInclude Include="src\renderable.h" />
    <ClInclude Include="src\scene.h" />
    <ClInclude Include="src\shader.h" />
    <ClInclude Include="src\studentEngagement.h" />
    <ClInclude Include="src\textRendering.h" />
    <ClInclude Include="src\utility.h" />
    <ClInclude Include="src\vector.h" />
    <ClInclude Include="src\views\Example.h" />
    <ClInclude Include="src\views\studentView.h" />
    <ClInclude Include="src\imageLoading.h" />
  </ItemGroup>
</Project>